
Microsoft Visual Studio Solution File, Format Version 12.00
# Visual Studio 2017
Project("{FAE04EC0-301F-11D3-BF4B-00C04F79EFBC}") = "buyucuSavaslari.Plugins", "buyucuSavaslari.Plugins.csproj", "{A7F93F8C-0863-233C-3B46-CD16AB04A0B8}"
EndProject
Project("{FAE04EC0-301F-11D3-BF4B-00C04F79EFBC}") = "buyucuSavaslari", "buyucuSavaslari.csproj", "{26F88034-CA5F-FA91-4632-F88A406756F9}"
EndProject
Project("{FAE04EC0-301F-11D3-BF4B-00C04F79EFBC}") = "buyucuSavaslari.Editor", "buyucuSavaslari.Editor.csproj", "{D8619FBA-573B-1EEC-9AFE-C1865DDFDD73}"
EndProject
Global
	GlobalSection(SolutionConfigurationPlatforms) = preSolution
		Debug|Any CPU = Debug|Any CPU
		Release|Any CPU = Release|Any CPU
	EndGlobalSection
	GlobalSection(ProjectConfigurationPlatforms) = postSolution
		{A7F93F8C-0863-233C-3B46-CD16AB04A0B8}.Debug|Any CPU.ActiveCfg = Debug|Any CPU
		{A7F93F8C-0863-233C-3B46-CD16AB04A0B8}.Debug|Any CPU.Build.0 = Debug|Any CPU
		{A7F93F8C-0863-233C-3B46-CD16AB04A0B8}.Release|Any CPU.ActiveCfg = Release|Any CPU
		{A7F93F8C-0863-233C-3B46-CD16AB04A0B8}.Release|Any CPU.Build.0 = Release|Any CPU
		{26F88034-CA5F-FA91-4632-F88A406756F9}.Debug|Any CPU.ActiveCfg = Debug|Any CPU
		{26F88034-CA5F-FA91-4632-F88A406756F9}.Debug|Any CPU.Build.0 = Debug|Any CPU
		{26F88034-CA5F-FA91-4632-F88A406756F9}.Release|Any CPU.ActiveCfg = Release|Any CPU
		{26F88034-CA5F-FA91-4632-F88A406756F9}.Release|Any CPU.Build.0 = Release|Any CPU
		{D8619FBA-573B-1EEC-9AFE-C1865DDFDD73}.Debug|Any CPU.ActiveCfg = Debug|Any CPU
		{D8619FBA-573B-1EEC-9AFE-C1865DDFDD73}.Debug|Any CPU.Build.0 = Debug|Any CPU
		{D8619FBA-573B-1EEC-9AFE-C1865DDFDD73}.Release|Any CPU.ActiveCfg = Release|Any CPU
		{D8619FBA-573B-1EEC-9AFE-C1865DDFDD73}.Release|Any CPU.Build.0 = Release|Any CPU
	EndGlobalSection
	GlobalSection(SolutionProperties) = preSolution
		HideSolutionNode = FALSE
	EndGlobalSection
EndGlobal
